
Microsoft Visual Studio Solution File, Format Version 12.00
# Visual Studio Version 17
VisualStudioVersion = 17.6.33815.320
MinimumVisualStudioVersion = 10.0.40219.1
Project("{FAE04EC0-301F-11D3-BF4B-00C04F79EFBC}") = "WPF_Calculator", "WPF_Calculator.csproj", "{F967E76A-23B1-44C2-AADE-C91A638A5D34}"
EndProject
Global
	GlobalSection(SolutionConfigurationPlatforms) = preSolution
		Debug|Any CPU = Debug|Any CPU
		Release|Any CPU = Release|Any CPU
	EndGlobalSection
	GlobalSection(ProjectConfigurationPlatforms) = postSolution
		{F967E76A-23B1-44C2-AADE-C91A638A5D34}.Debug|Any CPU.ActiveCfg = Debug|Any CPU
		{F967E76A-23B1-44C2-AADE-C91A638A5D34}.Debug|Any CPU.Build.0 = Debug|Any CPU
		{F967E76A-23B1-44C2-AADE-C91A638A5D34}.Release|Any CPU.ActiveCfg = Release|Any CPU
		{F967E76A-23B1-44C2-AADE-C91A638A5D34}.Release|Any CPU.Build.0 = Release|Any CPU
	EndGlobalSection
	GlobalSection(SolutionProperties) = preSolution
		HideSolutionNode = FALSE
	EndGlobalSection
	GlobalSection(ExtensibilityGlobals) = postSolution
		SolutionGuid = {28B31102-68D9-4826-992C-1C68A598953B}
	EndGlobalSection
EndGlobal
